
Microsoft Visual Studio Solution File, Format Version 12.00
# Visual Studio Version 17
VisualStudioVersion = 17.11.35312.102
MinimumVisualStudioVersion = 10.0.40219.1
Project("{FAE04EC0-301F-11D3-BF4B-00C04F79EFBC}") = "competition", "competition.csproj", "{FD74A921-0042-4D59-ADC2-A0520D214FB9}"
EndProject
Global
	GlobalSection(SolutionConfigurationPlatforms) = preSolution
		Debug|Any CPU = Debug|Any CPU
		Release|Any CPU = Release|Any CPU
	EndGlobalSection
	GlobalSection(ProjectConfigurationPlatforms) = postSolution
		{FD74A921-0042-4D59-ADC2-A0520D214FB9}.Debug|Any CPU.ActiveCfg = Debug|Any CPU
		{FD74A921-0042-4D59-ADC2-A0520D214FB9}.Debug|Any CPU.Build.0 = Debug|Any CPU
		{FD74A921-0042-4D59-ADC2-A0520D214FB9}.Release|Any CPU.ActiveCfg = Release|Any CPU
		{FD74A921-0042-4D59-ADC2-A0520D214FB9}.Release|Any CPU.Build.0 = Release|Any CPU
	EndGlobalSection
	GlobalSection(SolutionProperties) = preSolution
		HideSolutionNode = FALSE
	EndGlobalSection
	GlobalSection(ExtensibilityGlobals) = postSolution
		SolutionGuid = {4026FF1C-6187-4923-A29D-86D853A399CB}
	EndGlobalSection
EndGlobal
